Microsoft Visual Studio Solution File, Format Version 12.00
# Visual Studio Version 17
VisualStudioVersion = 17.0.31903.59
MinimumVisualStudioVersion = 10.0.40219.1
Project("{BC8A1FFA-BEE3-4634-8014-F334798102B3}") = "AttilaSerbianTrainerCPP", "AttilaSerbianTrainerCPP.vcxproj", "{A37B66D5-6F45-4B59-A723-76C48333F1A2}"
EndProject
Global
    GlobalSection(SolutionConfigurationPlatforms) = preSolution
        Debug|x86 = Debug|x86
        Release|x86 = Release|x86
    EndGlobalSection
    GlobalSection(ProjectConfigurationPlatforms) = postSolution
        {A37B66D5-6F45-4B59-A723-76C48333F1A2}.Debug|x86.ActiveCfg = Debug|Win32
        {A37B66D5-6F45-4B59-A723-76C48333F1A2}.Debug|x86.Build.0 = Debug|Win32
        {A37B66D5-6F45-4B59-A723-76C48333F1A2}.Release|x86.ActiveCfg = Release|Win32
        {A37B66D5-6F45-4B59-A723-76C48333F1A2}.Release|x86.Build.0 = Release|Win32
    EndGlobalSection
    GlobalSection(SolutionProperties) = preSolution
        HideSolutionNode = FALSE
    EndGlobalSection
EndGlobal
